
Microsoft Visual Studio Solution File, Format Version 12.00
# Visual Studio Version 17
VisualStudioVersion = 17.3.32901.215
MinimumVisualStudioVersion = 10.0.40219.1
Project("{FAE04EC0-301F-11D3-BF4B-00C04F79EFBC}") = "JenkinsDotNetDemo", "JenkinsDotNetDemo.csproj", "{830E58E6-E49C-4239-8F37-9ED41911FB1D}"
EndProject
Global
	GlobalSection(SolutionConfigurationPlatforms) = preSolution
		Debug|Any CPU = Debug|Any CPU
		Release|Any CPU = Release|Any CPU
	EndGlobalSection
	GlobalSection(ProjectConfigurationPlatforms) = postSolution
		{830E58E6-E49C-4239-8F37-9ED41911FB1D}.Debug|Any CPU.ActiveCfg = Debug|Any CPU
		{830E58E6-E49C-4239-8F37-9ED41911FB1D}.Debug|Any CPU.Build.0 = Debug|Any CPU
		{830E58E6-E49C-4239-8F37-9ED41911FB1D}.Release|Any CPU.ActiveCfg = Release|Any CPU
		{830E58E6-E49C-4239-8F37-9ED41911FB1D}.Release|Any CPU.Build.0 = Release|Any CPU
	EndGlobalSection
	GlobalSection(SolutionProperties) = preSolution
		HideSolutionNode = FALSE
	EndGlobalSection
	GlobalSection(ExtensibilityGlobals) = postSolution
		SolutionGuid = {C82C5F5C-C242-4AAE-93E7-036D2AF8D7E7}
	EndGlobalSection
EndGlobal
